
Microsoft Visual Studio Solution File, Format Version 12.00
# Visual Studio Version 17
VisualStudioVersion = 17.8.34408.163
MinimumVisualStudioVersion = 10.0.40219.1
Project("{9A19103F-16F7-4668-BE54-9A1E7A4F7556}") = "DrCaqui_WebApi", "DrCaqui_WebApi\DrCaqui_WebApi.csproj", "{5CF31A57-DB66-441B-894F-DAD775F3D574}"
EndProject
Project("{FAE04EC0-301F-11D3-BF4B-00C04F79EFBC}") = "DrCaqui_Infra", "DrCaqui_Libs\DrCaqui_Infra.csproj", "{ED67D896-C30A-44A3-A402-68B5D93F9155}"
EndProject
Global
	GlobalSection(SolutionConfigurationPlatforms) = preSolution
		Debug|Any CPU = Debug|Any CPU
		Release|Any CPU = Release|Any CPU
	EndGlobalSection
	GlobalSection(ProjectConfigurationPlatforms) = postSolution
		{5CF31A57-DB66-441B-894F-DAD775F3D574}.Debug|Any CPU.ActiveCfg = Debug|Any CPU
		{5CF31A57-DB66-441B-894F-DAD775F3D574}.Debug|Any CPU.Build.0 = Debug|Any CPU
		{5CF31A57-DB66-441B-894F-DAD775F3D574}.Release|Any CPU.ActiveCfg = Release|Any CPU
		{5CF31A57-DB66-441B-894F-DAD775F3D574}.Release|Any CPU.Build.0 = Release|Any CPU
		{ED67D896-C30A-44A3-A402-68B5D93F9155}.Debug|Any CPU.ActiveCfg = Debug|Any CPU
		{ED67D896-C30A-44A3-A402-68B5D93F9155}.Debug|Any CPU.Build.0 = Debug|Any CPU
		{ED67D896-C30A-44A3-A402-68B5D93F9155}.Release|Any CPU.ActiveCfg = Release|Any CPU
		{ED67D896-C30A-44A3-A402-68B5D93F9155}.Release|Any CPU.Build.0 = Release|Any CPU
	EndGlobalSection
	GlobalSection(SolutionProperties) = preSolution
		HideSolutionNode = FALSE
	EndGlobalSection
	GlobalSection(ExtensibilityGlobals) = postSolution
		SolutionGuid = {38E9AC36-D68B-4C03-9C76-0BB01999A124}
	EndGlobalSection
EndGlobal
